
Microsoft Visual Studio Solution File, Format Version 12.00
# Visual Studio Version 17
VisualStudioVersion = 17.8.34309.116
MinimumVisualStudioVersion = 10.0.40219.1
Project("{FAE04EC0-301F-11D3-BF4B-00C04F79EFBC}") = "GraphQLHotChocolate", "GraphQLHotChocolate\GraphQLHotChocolate.csproj", "{50BA8DE8-5549-44E9-9918-BAB7FCDB2950}"
EndProject
Global
	GlobalSection(SolutionConfigurationPlatforms) = preSolution
		Debug|Any CPU = Debug|Any CPU
		Release|Any CPU = Release|Any CPU
	EndGlobalSection
	GlobalSection(ProjectConfigurationPlatforms) = postSolution
		{50BA8DE8-5549-44E9-9918-BAB7FCDB2950}.Debug|Any CPU.ActiveCfg = Debug|Any CPU
		{50BA8DE8-5549-44E9-9918-BAB7FCDB2950}.Debug|Any CPU.Build.0 = Debug|Any CPU
		{50BA8DE8-5549-44E9-9918-BAB7FCDB2950}.Release|Any CPU.ActiveCfg = Release|Any CPU
		{50BA8DE8-5549-44E9-9918-BAB7FCDB2950}.Release|Any CPU.Build.0 = Release|Any CPU
	EndGlobalSection
	GlobalSection(SolutionProperties) = preSolution
		HideSolutionNode = FALSE
	EndGlobalSection
	GlobalSection(ExtensibilityGlobals) = postSolution
		SolutionGuid = {83FDC021-CC1C-46B9-B54D-CFAD5A963727}
	EndGlobalSection
EndGlobal
